
Microsoft Visual Studio Solution File, Format Version 12.00
# Visual Studio Version 16
VisualStudioVersion = 16.0.31019.35
MinimumVisualStudioVersion = 10.0.40219.1
Project("{FAE04EC0-301F-11D3-BF4B-00C04F79EFBC}") = "SerialNumberHD", "SerialNumberHD\SerialNumberHD.csproj", "{BD91261B-A346-479A-8A5E-14A8525DC556}"
EndProject
Global
	GlobalSection(SolutionConfigurationPlatforms) = preSolution
		Debug|Any CPU = Debug|Any CPU
		Release|Any CPU = Release|Any CPU
	EndGlobalSection
	GlobalSection(ProjectConfigurationPlatforms) = postSolution
		{BD91261B-A346-479A-8A5E-14A8525DC556}.Debug|Any CPU.ActiveCfg = Debug|Any CPU
		{BD91261B-A346-479A-8A5E-14A8525DC556}.Debug|Any CPU.Build.0 = Debug|Any CPU
		{BD91261B-A346-479A-8A5E-14A8525DC556}.Release|Any CPU.ActiveCfg = Release|Any CPU
		{BD91261B-A346-479A-8A5E-14A8525DC556}.Release|Any CPU.Build.0 = Release|Any CPU
	EndGlobalSection
	GlobalSection(SolutionProperties) = preSolution
		HideSolutionNode = FALSE
	EndGlobalSection
	GlobalSection(ExtensibilityGlobals) = postSolution
		SolutionGuid = {69473ED8-6874-49BB-9C3C-FB82EE8DC53A}
	EndGlobalSection
EndGlobal
