
Microsoft Visual Studio Solution File, Format Version 12.00
# Visual Studio Version 16
VisualStudioVersion = 16.0.31019.35
MinimumVisualStudioVersion = 10.0.40219.1
Project("{FAE04EC0-301F-11D3-BF4B-00C04F79EFBC}") = "FileClass", "FileClass\FileClass.csproj", "{635BCF51-030A-41A7-BC17-7D079348C523}"
EndProject
Global
	GlobalSection(SolutionConfigurationPlatforms) = preSolution
		Debug|Any CPU = Debug|Any CPU
		Release|Any CPU = Release|Any CPU
	EndGlobalSection
	GlobalSection(ProjectConfigurationPlatforms) = postSolution
		{635BCF51-030A-41A7-BC17-7D079348C523}.Debug|Any CPU.ActiveCfg = Debug|Any CPU
		{635BCF51-030A-41A7-BC17-7D079348C523}.Debug|Any CPU.Build.0 = Debug|Any CPU
		{635BCF51-030A-41A7-BC17-7D079348C523}.Release|Any CPU.ActiveCfg = Release|Any CPU
		{635BCF51-030A-41A7-BC17-7D079348C523}.Release|Any CPU.Build.0 = Release|Any CPU
	EndGlobalSection
	GlobalSection(SolutionProperties) = preSolution
		HideSolutionNode = FALSE
	EndGlobalSection
	GlobalSection(ExtensibilityGlobals) = postSolution
		SolutionGuid = {B9913183-85C1-4B74-AEC3-5F10D0BFAA7C}
	EndGlobalSection
EndGlobal
