
Microsoft Visual Studio Solution File, Format Version 12.00
# Visual Studio Version 16
VisualStudioVersion = 16.0.31019.35
MinimumVisualStudioVersion = 10.0.40219.1
Project("{FAE04EC0-301F-11D3-BF4B-00C04F79EFBC}") = "MultipleCatch", "MultipleCatch.csproj", "{B456614E-6380-4CC6-990B-CD18368C59EB}"
EndProject
Global
	GlobalSection(SolutionConfigurationPlatforms) = preSolution
		Debug|Any CPU = Debug|Any CPU
		Release|Any CPU = Release|Any CPU
	EndGlobalSection
	GlobalSection(ProjectConfigurationPlatforms) = postSolution
		{B456614E-6380-4CC6-990B-CD18368C59EB}.Debug|Any CPU.ActiveCfg = Debug|Any CPU
		{B456614E-6380-4CC6-990B-CD18368C59EB}.Debug|Any CPU.Build.0 = Debug|Any CPU
		{B456614E-6380-4CC6-990B-CD18368C59EB}.Release|Any CPU.ActiveCfg = Release|Any CPU
		{B456614E-6380-4CC6-990B-CD18368C59EB}.Release|Any CPU.Build.0 = Release|Any CPU
	EndGlobalSection
	GlobalSection(SolutionProperties) = preSolution
		HideSolutionNode = FALSE
	EndGlobalSection
	GlobalSection(ExtensibilityGlobals) = postSolution
		SolutionGuid = {158B1C0D-C296-4238-9C2F-30A3FBECBF73}
	EndGlobalSection
EndGlobal
