
Microsoft Visual Studio Solution File, Format Version 12.00
# Visual Studio Version 16
VisualStudioVersion = 16.0.31019.35
MinimumVisualStudioVersion = 10.0.40219.1
Project("{FAE04EC0-301F-11D3-BF4B-00C04F79EFBC}") = "SerializingObjects01", "SerializingObjects01.csproj", "{02249B9B-EF59-46F8-9E3E-5E904C3F6DA9}"
EndProject
Global
	GlobalSection(SolutionConfigurationPlatforms) = preSolution
		Debug|Any CPU = Debug|Any CPU
		Release|Any CPU = Release|Any CPU
	EndGlobalSection
	GlobalSection(ProjectConfigurationPlatforms) = postSolution
		{02249B9B-EF59-46F8-9E3E-5E904C3F6DA9}.Debug|Any CPU.ActiveCfg = Debug|Any CPU
		{02249B9B-EF59-46F8-9E3E-5E904C3F6DA9}.Debug|Any CPU.Build.0 = Debug|Any CPU
		{02249B9B-EF59-46F8-9E3E-5E904C3F6DA9}.Release|Any CPU.ActiveCfg = Release|Any CPU
		{02249B9B-EF59-46F8-9E3E-5E904C3F6DA9}.Release|Any CPU.Build.0 = Release|Any CPU
	EndGlobalSection
	GlobalSection(SolutionProperties) = preSolution
		HideSolutionNode = FALSE
	EndGlobalSection
	GlobalSection(ExtensibilityGlobals) = postSolution
		SolutionGuid = {7B1A99DF-49CB-41D2-B2C6-7D488368C854}
	EndGlobalSection
EndGlobal
