
Microsoft Visual Studio Solution File, Format Version 12.00
# Visual Studio Version 16
VisualStudioVersion = 16.0.31019.35
MinimumVisualStudioVersion = 10.0.40219.1
Project("{FAE04EC0-301F-11D3-BF4B-00C04F79EFBC}") = "ProgressBar", "ProgressBar\ProgressBar.csproj", "{C8525494-F733-4F8C-9E4F-9B17BEDC9F28}"
EndProject
Global
	GlobalSection(SolutionConfigurationPlatforms) = preSolution
		Debug|Any CPU = Debug|Any CPU
		Release|Any CPU = Release|Any CPU
	EndGlobalSection
	GlobalSection(ProjectConfigurationPlatforms) = postSolution
		{C8525494-F733-4F8C-9E4F-9B17BEDC9F28}.Debug|Any CPU.ActiveCfg = Debug|Any CPU
		{C8525494-F733-4F8C-9E4F-9B17BEDC9F28}.Debug|Any CPU.Build.0 = Debug|Any CPU
		{C8525494-F733-4F8C-9E4F-9B17BEDC9F28}.Release|Any CPU.ActiveCfg = Release|Any CPU
		{C8525494-F733-4F8C-9E4F-9B17BEDC9F28}.Release|Any CPU.Build.0 = Release|Any CPU
	EndGlobalSection
	GlobalSection(SolutionProperties) = preSolution
		HideSolutionNode = FALSE
	EndGlobalSection
	GlobalSection(ExtensibilityGlobals) = postSolution
		SolutionGuid = {457995EF-DFEF-4D57-8CC8-FA44D12EC4A0}
	EndGlobalSection
EndGlobal
