
Microsoft Visual Studio Solution File, Format Version 12.00
# Visual Studio Version 16
VisualStudioVersion = 16.0.31019.35
MinimumVisualStudioVersion = 10.0.40219.1
Project("{FAE04EC0-301F-11D3-BF4B-00C04F79EFBC}") = "UsingLinq", "UsingLinq.csproj", "{580A9E3D-7360-4616-87EF-873E4C5F97A3}"
EndProject
Global
	GlobalSection(SolutionConfigurationPlatforms) = preSolution
		Debug|Any CPU = Debug|Any CPU
		Release|Any CPU = Release|Any CPU
	EndGlobalSection
	GlobalSection(ProjectConfigurationPlatforms) = postSolution
		{580A9E3D-7360-4616-87EF-873E4C5F97A3}.Debug|Any CPU.ActiveCfg = Debug|Any CPU
		{580A9E3D-7360-4616-87EF-873E4C5F97A3}.Debug|Any CPU.Build.0 = Debug|Any CPU
		{580A9E3D-7360-4616-87EF-873E4C5F97A3}.Release|Any CPU.ActiveCfg = Release|Any CPU
		{580A9E3D-7360-4616-87EF-873E4C5F97A3}.Release|Any CPU.Build.0 = Release|Any CPU
	EndGlobalSection
	GlobalSection(SolutionProperties) = preSolution
		HideSolutionNode = FALSE
	EndGlobalSection
	GlobalSection(ExtensibilityGlobals) = postSolution
		SolutionGuid = {D9FEDC45-C3D1-47A9-BF73-D27BC941B862}
	EndGlobalSection
EndGlobal
