
Microsoft Visual Studio Solution File, Format Version 12.00
# Visual Studio Version 16
VisualStudioVersion = 16.0.31019.35
MinimumVisualStudioVersion = 10.0.40219.1
Project("{FAE04EC0-301F-11D3-BF4B-00C04F79EFBC}") = "CreateDirectory", "CreateDirectory\CreateDirectory.csproj", "{593FDC81-1608-4395-89F3-B73B74A2323E}"
EndProject
Global
	GlobalSection(SolutionConfigurationPlatforms) = preSolution
		Debug|Any CPU = Debug|Any CPU
		Release|Any CPU = Release|Any CPU
	EndGlobalSection
	GlobalSection(ProjectConfigurationPlatforms) = postSolution
		{593FDC81-1608-4395-89F3-B73B74A2323E}.Debug|Any CPU.ActiveCfg = Debug|Any CPU
		{593FDC81-1608-4395-89F3-B73B74A2323E}.Debug|Any CPU.Build.0 = Debug|Any CPU
		{593FDC81-1608-4395-89F3-B73B74A2323E}.Release|Any CPU.ActiveCfg = Release|Any CPU
		{593FDC81-1608-4395-89F3-B73B74A2323E}.Release|Any CPU.Build.0 = Release|Any CPU
	EndGlobalSection
	GlobalSection(SolutionProperties) = preSolution
		HideSolutionNode = FALSE
	EndGlobalSection
	GlobalSection(ExtensibilityGlobals) = postSolution
		SolutionGuid = {4412BDBC-D95C-430D-8777-A290F368BC66}
	EndGlobalSection
EndGlobal
