
Microsoft Visual Studio Solution File, Format Version 12.00
# Visual Studio Version 16
VisualStudioVersion = 16.0.31019.35
MinimumVisualStudioVersion = 10.0.40219.1
Project("{FAE04EC0-301F-11D3-BF4B-00C04F79EFBC}") = "HasUniqueCharacters", "HasUniqueCharacters.csproj", "{27D5D399-5E23-4782-9F5C-EE030450BF6A}"
EndProject
Global
	GlobalSection(SolutionConfigurationPlatforms) = preSolution
		Debug|Any CPU = Debug|Any CPU
		Release|Any CPU = Release|Any CPU
	EndGlobalSection
	GlobalSection(ProjectConfigurationPlatforms) = postSolution
		{27D5D399-5E23-4782-9F5C-EE030450BF6A}.Debug|Any CPU.ActiveCfg = Debug|Any CPU
		{27D5D399-5E23-4782-9F5C-EE030450BF6A}.Debug|Any CPU.Build.0 = Debug|Any CPU
		{27D5D399-5E23-4782-9F5C-EE030450BF6A}.Release|Any CPU.ActiveCfg = Release|Any CPU
		{27D5D399-5E23-4782-9F5C-EE030450BF6A}.Release|Any CPU.Build.0 = Release|Any CPU
	EndGlobalSection
	GlobalSection(SolutionProperties) = preSolution
		HideSolutionNode = FALSE
	EndGlobalSection
	GlobalSection(ExtensibilityGlobals) = postSolution
		SolutionGuid = {83122C4F-615B-48C1-A7A6-1E7898D1132E}
	EndGlobalSection
EndGlobal
