
Microsoft Visual Studio Solution File, Format Version 12.00
# Visual Studio Version 16
VisualStudioVersion = 16.0.31019.35
MinimumVisualStudioVersion = 10.0.40219.1
Project("{FAE04EC0-301F-11D3-BF4B-00C04F79EFBC}") = "BinaryReader01", "BinaryReader01\BinaryReader01.csproj", "{0B736F0E-94E6-4A47-8EB0-4B9DCEC28B4F}"
EndProject
Global
	GlobalSection(SolutionConfigurationPlatforms) = preSolution
		Debug|Any CPU = Debug|Any CPU
		Release|Any CPU = Release|Any CPU
	EndGlobalSection
	GlobalSection(ProjectConfigurationPlatforms) = postSolution
		{0B736F0E-94E6-4A47-8EB0-4B9DCEC28B4F}.Debug|Any CPU.ActiveCfg = Debug|Any CPU
		{0B736F0E-94E6-4A47-8EB0-4B9DCEC28B4F}.Debug|Any CPU.Build.0 = Debug|Any CPU
		{0B736F0E-94E6-4A47-8EB0-4B9DCEC28B4F}.Release|Any CPU.ActiveCfg = Release|Any CPU
		{0B736F0E-94E6-4A47-8EB0-4B9DCEC28B4F}.Release|Any CPU.Build.0 = Release|Any CPU
	EndGlobalSection
	GlobalSection(SolutionProperties) = preSolution
		HideSolutionNode = FALSE
	EndGlobalSection
	GlobalSection(ExtensibilityGlobals) = postSolution
		SolutionGuid = {0F0197FC-1D0D-46CC-88A8-C34BFB966041}
	EndGlobalSection
EndGlobal
