
Microsoft Visual Studio Solution File, Format Version 12.00
# Visual Studio Version 16
VisualStudioVersion = 16.0.31019.35
MinimumVisualStudioVersion = 10.0.40219.1
Project("{FAE04EC0-301F-11D3-BF4B-00C04F79EFBC}") = "Binarywriter01", "Binarywriter01\Binarywriter01.csproj", "{6E7F3318-4E39-48B2-8FB8-FFCB6FE9F45F}"
EndProject
Global
	GlobalSection(SolutionConfigurationPlatforms) = preSolution
		Debug|Any CPU = Debug|Any CPU
		Release|Any CPU = Release|Any CPU
	EndGlobalSection
	GlobalSection(ProjectConfigurationPlatforms) = postSolution
		{6E7F3318-4E39-48B2-8FB8-FFCB6FE9F45F}.Debug|Any CPU.ActiveCfg = Debug|Any CPU
		{6E7F3318-4E39-48B2-8FB8-FFCB6FE9F45F}.Debug|Any CPU.Build.0 = Debug|Any CPU
		{6E7F3318-4E39-48B2-8FB8-FFCB6FE9F45F}.Release|Any CPU.ActiveCfg = Release|Any CPU
		{6E7F3318-4E39-48B2-8FB8-FFCB6FE9F45F}.Release|Any CPU.Build.0 = Release|Any CPU
	EndGlobalSection
	GlobalSection(SolutionProperties) = preSolution
		HideSolutionNode = FALSE
	EndGlobalSection
	GlobalSection(ExtensibilityGlobals) = postSolution
		SolutionGuid = {05BBD300-23CA-4397-ADD4-EB3BBE88888A}
	EndGlobalSection
EndGlobal
